
Microsoft Visual Studio Solution File, Format Version 12.00
# Visual Studio 14
VisualStudioVersion = 14.0.25420.1
MinimumVisualStudioVersion = 10.0.40219.1
Project("{FAE04EC0-301F-11D3-BF4B-00C04F79EFBC}") = "UnityUtility", "UnityUtility\UnityUtility.csproj", "{BBD5186B-0AA3-43E6-A541-B2C03F990D2E}"
EndProject
Project("{FAE04EC0-301F-11D3-BF4B-00C04F79EFBC}") = "TestConsole", "TestConsole\TestConsole.csproj", "{0F8C4DFF-0251-4AE4-93D8-C89196CE0817}"
EndProject
Global
	GlobalSection(SolutionConfigurationPlatforms) = preSolution
		Debug|Any CPU = Debug|Any CPU
		Release|Any CPU = Release|Any CPU
	EndGlobalSection
	GlobalSection(ProjectConfigurationPlatforms) = postSolution
		{BBD5186B-0AA3-43E6-A541-B2C03F990D2E}.Debug|Any CPU.ActiveCfg = Debug|Any CPU
		{BBD5186B-0AA3-43E6-A541-B2C03F990D2E}.Debug|Any CPU.Build.0 = Debug|Any CPU
		{BBD5186B-0AA3-43E6-A541-B2C03F990D2E}.Release|Any CPU.ActiveCfg = Release|Any CPU
		{BBD5186B-0AA3-43E6-A541-B2C03F990D2E}.Release|Any CPU.Build.0 = Release|Any CPU
		{0F8C4DFF-0251-4AE4-93D8-C89196CE0817}.Debug|Any CPU.ActiveCfg = Debug|Any CPU
		{0F8C4DFF-0251-4AE4-93D8-C89196CE0817}.Debug|Any CPU.Build.0 = Debug|Any CPU
		{0F8C4DFF-0251-4AE4-93D8-C89196CE0817}.Release|Any CPU.ActiveCfg = Release|Any CPU
		{0F8C4DFF-0251-4AE4-93D8-C89196CE0817}.Release|Any CPU.Build.0 = Release|Any CPU
	EndGlobalSection
	GlobalSection(SolutionProperties) = preSolution
		HideSolutionNode = FALSE
	EndGlobalSection
EndGlobal
